
Microsoft Visual Studio Solution File, Format Version 12.00
# Visual Studio Version 17
VisualStudioVersion = 17.4.33205.214
MinimumVisualStudioVersion = 10.0.40219.1
Project("{2150E333-8FDC-42A3-9474-1A3956D46DE8}") = "CreationalPattern", "CreationalPattern", "{D569D42A-DF0F-4F28-9A30-821BDD4A6059}"
EndProject
Project("{2150E333-8FDC-42A3-9474-1A3956D46DE8}") = "StructuralPattern", "StructuralPattern", "{5A974E07-AA60-432B-ACF8-E67F3E73CE36}"
EndProject
Project("{2150E333-8FDC-42A3-9474-1A3956D46DE8}") = "BehavioralPattenr", "BehavioralPattenr", "{EF5DCA22-95A1-4A68-89EA-22B76DD54B3A}"
EndProject
Project("{FAE04EC0-301F-11D3-BF4B-00C04F79EFBC}") = "FactoryMethodPattern", "FactoryMethodPattern\FactoryMethodPattern\FactoryMethodPattern.csproj", "{86CE493C-1C8B-450D-AAAC-ACA7244EE238}"
EndProject
Project("{FAE04EC0-301F-11D3-BF4B-00C04F79EFBC}") = "AbstractFactory", "AbstractFactory\AbstractFactory.csproj", "{0FCA8D5D-82DA-4C8C-ACE9-EA198C5B67F1}"
EndProject
Project("{FAE04EC0-301F-11D3-BF4B-00C04F79EFBC}") = "Builder", "Builder\Builder.csproj", "{1A660C58-13DC-4A5F-9509-48D71A5CBF9B}"
EndProject
Project("{FAE04EC0-301F-11D3-BF4B-00C04F79EFBC}") = "Prototype", "Prototype\Prototype.csproj", "{5D69D68F-66B3-4DD3-885A-833BDAD9DD52}"
EndProject
Project("{FAE04EC0-301F-11D3-BF4B-00C04F79EFBC}") = "Singleton", "Singleton\Singleton.csproj", "{940964CC-70BE-4887-8AF8-DA80C45ED267}"
EndProject
Project("{FAE04EC0-301F-11D3-BF4B-00C04F79EFBC}") = "Adapter", "Adapter\Adapter.csproj", "{65D753BB-ED54-44CE-93D2-C00DB2A15214}"
EndProject
Project("{FAE04EC0-301F-11D3-BF4B-00C04F79EFBC}") = "Bridge", "Bridge\Bridge.csproj", "{8DEF84BB-AC25-4762-92A1-5354C3B4FD9E}"
EndProject
Project("{FAE04EC0-301F-11D3-BF4B-00C04F79EFBC}") = "Composite", "Composite\Composite.csproj", "{0D5ACB0F-7253-45B8-B39F-653C9A110472}"
EndProject
Project("{FAE04EC0-301F-11D3-BF4B-00C04F79EFBC}") = "Decorator", "Decorator\Decorator.csproj", "{D025800C-EFE6-422A-A5D6-41FCF238C2C2}"
EndProject
Project("{FAE04EC0-301F-11D3-BF4B-00C04F79EFBC}") = "Facade", "Facade\Facade.csproj", "{7A865CF1-CBC1-4D34-BF71-14B5EE656569}"
EndProject
Project("{FAE04EC0-301F-11D3-BF4B-00C04F79EFBC}") = "Flyweight", "Flyweight\Flyweight.csproj", "{E733DBBE-AEB7-4CD7-B19A-0582A1036FF6}"
EndProject
Project("{FAE04EC0-301F-11D3-BF4B-00C04F79EFBC}") = "Proxy", "Proxy\Proxy.csproj", "{C2826DFE-2DFF-49B1-AD90-394CC0C6A6B1}"
EndProject
Project("{FAE04EC0-301F-11D3-BF4B-00C04F79EFBC}") = "ChainOfResponsibility", "ChainOfResponsibility\ChainOfResponsibility.csproj", "{1DAB5C8A-F377-4334-899D-4FACFCCC8F24}"
EndProject
Project("{FAE04EC0-301F-11D3-BF4B-00C04F79EFBC}") = "Command", "Command\Command.csproj", "{B17DF461-0348-44F4-8259-C30AC9422C94}"
EndProject
Project("{FAE04EC0-301F-11D3-BF4B-00C04F79EFBC}") = "Iterator", "Iterator\Iterator.csproj", "{8A52E308-F71B-45B1-9FAB-75A6C8999CD8}"
EndProject
Project("{FAE04EC0-301F-11D3-BF4B-00C04F79EFBC}") = "Strategy", "Strategy\Strategy.csproj", "{94D1AFF8-BA2A-4FD7-93FA-8E23AF3D9183}"
EndProject
Project("{FAE04EC0-301F-11D3-BF4B-00C04F79EFBC}") = "Mediator", "Mediator\Mediator.csproj", "{C444A02F-0DA2-4C47-A671-0C016112FDEC}"
EndProject
Project("{FAE04EC0-301F-11D3-BF4B-00C04F79EFBC}") = "Memento", "Memento\Memento.csproj", "{92920B6F-0ADF-4050-B549-BE21BD3EADFF}"
EndProject
Project("{FAE04EC0-301F-11D3-BF4B-00C04F79EFBC}") = "Observer", "Observer\Observer.csproj", "{02193C75-5A44-49D5-8581-E3C556827948}"
EndProject
Project("{FAE04EC0-301F-11D3-BF4B-00C04F79EFBC}") = "State", "State\State.csproj", "{F9BA41EE-6DBD-44F1-AB64-10014EA67116}"
EndProject
Project("{FAE04EC0-301F-11D3-BF4B-00C04F79EFBC}") = "TemplateMethod", "TemplateMethod\TemplateMethod.csproj", "{49EBE764-9BCC-4A74-B7C7-858680F25577}"
EndProject
Project("{FAE04EC0-301F-11D3-BF4B-00C04F79EFBC}") = "Visitor", "Visitor\Visitor.csproj", "{8491950C-1140-4600-9A55-6FFA134F773E}"
EndProject
Global
	GlobalSection(SolutionConfigurationPlatforms) = preSolution
		Debug|Any CPU = Debug|Any CPU
		Release|Any CPU = Release|Any CPU
	EndGlobalSection
	GlobalSection(ProjectConfigurationPlatforms) = postSolution
		{86CE493C-1C8B-450D-AAAC-ACA7244EE238}.Debug|Any CPU.ActiveCfg = Debug|Any CPU
		{86CE493C-1C8B-450D-AAAC-ACA7244EE238}.Debug|Any CPU.Build.0 = Debug|Any CPU
		{86CE493C-1C8B-450D-AAAC-ACA7244EE238}.Release|Any CPU.ActiveCfg = Release|Any CPU
		{86CE493C-1C8B-450D-AAAC-ACA7244EE238}.Release|Any CPU.Build.0 = Release|Any CPU
		{0FCA8D5D-82DA-4C8C-ACE9-EA198C5B67F1}.Debug|Any CPU.ActiveCfg = Debug|Any CPU
		{0FCA8D5D-82DA-4C8C-ACE9-EA198C5B67F1}.Debug|Any CPU.Build.0 = Debug|Any CPU
		{0FCA8D5D-82DA-4C8C-ACE9-EA198C5B67F1}.Release|Any CPU.ActiveCfg = Release|Any CPU
		{0FCA8D5D-82DA-4C8C-ACE9-EA198C5B67F1}.Release|Any CPU.Build.0 = Release|Any CPU
		{1A660C58-13DC-4A5F-9509-48D71A5CBF9B}.Debug|Any CPU.ActiveCfg = Debug|Any CPU
		{1A660C58-13DC-4A5F-9509-48D71A5CBF9B}.Debug|Any CPU.Build.0 = Debug|Any CPU
		{1A660C58-13DC-4A5F-9509-48D71A5CBF9B}.Release|Any CPU.ActiveCfg = Release|Any CPU
		{1A660C58-13DC-4A5F-9509-48D71A5CBF9B}.Release|Any CPU.Build.0 = Release|Any CPU
		{5D69D68F-66B3-4DD3-885A-833BDAD9DD52}.Debug|Any CPU.ActiveCfg = Debug|Any CPU
		{5D69D68F-66B3-4DD3-885A-833BDAD9DD52}.Debug|Any CPU.Build.0 = Debug|Any CPU
		{5D69D68F-66B3-4DD3-885A-833BDAD9DD52}.Release|Any CPU.ActiveCfg = Release|Any CPU
		{5D69D68F-66B3-4DD3-885A-833BDAD9DD52}.Release|Any CPU.Build.0 = Release|Any CPU
		{940964CC-70BE-4887-8AF8-DA80C45ED267}.Debug|Any CPU.ActiveCfg = Debug|Any CPU
		{940964CC-70BE-4887-8AF8-DA80C45ED267}.Debug|Any CPU.Build.0 = Debug|Any CPU
		{940964CC-70BE-4887-8AF8-DA80C45ED267}.Release|Any CPU.ActiveCfg = Release|Any CPU
		{940964CC-70BE-4887-8AF8-DA80C45ED267}.Release|Any CPU.Build.0 = Release|Any CPU
		{65D753BB-ED54-44CE-93D2-C00DB2A15214}.Debug|Any CPU.ActiveCfg = Debug|Any CPU
		{65D753BB-ED54-44CE-93D2-C00DB2A15214}.Debug|Any CPU.Build.0 = Debug|Any CPU
		{65D753BB-ED54-44CE-93D2-C00DB2A15214}.Release|Any CPU.ActiveCfg = Release|Any CPU
		{65D753BB-ED54-44CE-93D2-C00DB2A15214}.Release|Any CPU.Build.0 = Release|Any CPU
		{8DEF84BB-AC25-4762-92A1-5354C3B4FD9E}.Debug|Any CPU.ActiveCfg = Debug|Any CPU
		{8DEF84BB-AC25-4762-92A1-5354C3B4FD9E}.Debug|Any CPU.Build.0 = Debug|Any CPU
		{8DEF84BB-AC25-4762-92A1-5354C3B4FD9E}.Release|Any CPU.ActiveCfg = Release|Any CPU
		{8DEF84BB-AC25-4762-92A1-5354C3B4FD9E}.Release|Any CPU.Build.0 = Release|Any CPU
		{0D5ACB0F-7253-45B8-B39F-653C9A110472}.Debug|Any CPU.ActiveCfg = Debug|Any CPU
		{0D5ACB0F-7253-45B8-B39F-653C9A110472}.Debug|Any CPU.Build.0 = Debug|Any CPU
		{0D5ACB0F-7253-45B8-B39F-653C9A110472}.Release|Any CPU.ActiveCfg = Release|Any CPU
		{0D5ACB0F-7253-45B8-B39F-653C9A110472}.Release|Any CPU.Build.0 = Release|Any CPU
		{D025800C-EFE6-422A-A5D6-41FCF238C2C2}.Debug|Any CPU.ActiveCfg = Debug|Any CPU
		{D025800C-EFE6-422A-A5D6-41FCF238C2C2}.Debug|Any CPU.Build.0 = Debug|Any CPU
		{D025800C-EFE6-422A-A5D6-41FCF238C2C2}.Release|Any CPU.ActiveCfg = Release|Any CPU
		{D025800C-EFE6-422A-A5D6-41FCF238C2C2}.Release|Any CPU.Build.0 = Release|Any CPU
		{7A865CF1-CBC1-4D34-BF71-14B5EE656569}.Debug|Any CPU.ActiveCfg = Debug|Any CPU
		{7A865CF1-CBC1-4D34-BF71-14B5EE656569}.Debug|Any CPU.Build.0 = Debug|Any CPU
		{7A865CF1-CBC1-4D34-BF71-14B5EE656569}.Release|Any CPU.ActiveCfg = Release|Any CPU
		{7A865CF1-CBC1-4D34-BF71-14B5EE656569}.Release|Any CPU.Build.0 = Release|Any CPU
		{E733DBBE-AEB7-4CD7-B19A-0582A1036FF6}.Debug|Any CPU.ActiveCfg = Debug|Any CPU
		{E733DBBE-AEB7-4CD7-B19A-0582A1036FF6}.Debug|Any CPU.Build.0 = Debug|Any CPU
		{E733DBBE-AEB7-4CD7-B19A-0582A1036FF6}.Release|Any CPU.ActiveCfg = Release|Any CPU
		{E733DBBE-AEB7-4CD7-B19A-0582A1036FF6}.Release|Any CPU.Build.0 = Release|Any CPU
		{C2826DFE-2DFF-49B1-AD90-394CC0C6A6B1}.Debug|Any CPU.ActiveCfg = Debug|Any CPU
		{C2826DFE-2DFF-49B1-AD90-394CC0C6A6B1}.Debug|Any CPU.Build.0 = Debug|Any CPU
		{C2826DFE-2DFF-49B1-AD90-394CC0C6A6B1}.Release|Any CPU.ActiveCfg = Release|Any CPU
		{C2826DFE-2DFF-49B1-AD90-394CC0C6A6B1}.Release|Any CPU.Build.0 = Release|Any CPU
		{1DAB5C8A-F377-4334-899D-4FACFCCC8F24}.Debug|Any CPU.ActiveCfg = Debug|Any CPU
		{1DAB5C8A-F377-4334-899D-4FACFCCC8F24}.Debug|Any CPU.Build.0 = Debug|Any CPU
		{1DAB5C8A-F377-4334-899D-4FACFCCC8F24}.Release|Any CPU.ActiveCfg = Release|Any CPU
		{1DAB5C8A-F377-4334-899D-4FACFCCC8F24}.Release|Any CPU.Build.0 = Release|Any CPU
		{B17DF461-0348-44F4-8259-C30AC9422C94}.Debug|Any CPU.ActiveCfg = Debug|Any CPU
		{B17DF461-0348-44F4-8259-C30AC9422C94}.Debug|Any CPU.Build.0 = Debug|Any CPU
		{B17DF461-0348-44F4-8259-C30AC9422C94}.Release|Any CPU.ActiveCfg = Release|Any CPU
		{B17DF461-0348-44F4-8259-C30AC9422C94}.Release|Any CPU.Build.0 = Release|Any CPU
		{8A52E308-F71B-45B1-9FAB-75A6C8999CD8}.Debug|Any CPU.ActiveCfg = Debug|Any CPU
		{8A52E308-F71B-45B1-9FAB-75A6C8999CD8}.Debug|Any CPU.Build.0 = Debug|Any CPU
		{8A52E308-F71B-45B1-9FAB-75A6C8999CD8}.Release|Any CPU.ActiveCfg = Release|Any CPU
		{8A52E308-F71B-45B1-9FAB-75A6C8999CD8}.Release|Any CPU.Build.0 = Release|Any CPU
		{94D1AFF8-BA2A-4FD7-93FA-8E23AF3D9183}.Debug|Any CPU.ActiveCfg = Debug|Any CPU
		{94D1AFF8-BA2A-4FD7-93FA-8E23AF3D9183}.Debug|Any CPU.Build.0 = Debug|Any CPU
		{94D1AFF8-BA2A-4FD7-93FA-8E23AF3D9183}.Release|Any CPU.ActiveCfg = Release|Any CPU
		{94D1AFF8-BA2A-4FD7-93FA-8E23AF3D9183}.Release|Any CPU.Build.0 = Release|Any CPU
		{C444A02F-0DA2-4C47-A671-0C016112FDEC}.Debug|Any CPU.ActiveCfg = Debug|Any CPU
		{C444A02F-0DA2-4C47-A671-0C016112FDEC}.Debug|Any CPU.Build.0 = Debug|Any CPU
		{C444A02F-0DA2-4C47-A671-0C016112FDEC}.Release|Any CPU.ActiveCfg = Release|Any CPU
		{C444A02F-0DA2-4C47-A671-0C016112FDEC}.Release|Any CPU.Build.0 = Release|Any CPU
		{92920B6F-0ADF-4050-B549-BE21BD3EADFF}.Debug|Any CPU.ActiveCfg = Debug|Any CPU
		{92920B6F-0ADF-4050-B549-BE21BD3EADFF}.Debug|Any CPU.Build.0 = Debug|Any CPU
		{92920B6F-0ADF-4050-B549-BE21BD3EADFF}.Release|Any CPU.ActiveCfg = Release|Any CPU
		{92920B6F-0ADF-4050-B549-BE21BD3EADFF}.Release|Any CPU.Build.0 = Release|Any CPU
		{02193C75-5A44-49D5-8581-E3C556827948}.Debug|Any CPU.ActiveCfg = Debug|Any CPU
		{02193C75-5A44-49D5-8581-E3C556827948}.Debug|Any CPU.Build.0 = Debug|Any CPU
		{02193C75-5A44-49D5-8581-E3C556827948}.Release|Any CPU.ActiveCfg = Release|Any CPU
		{02193C75-5A44-49D5-8581-E3C556827948}.Release|Any CPU.Build.0 = Release|Any CPU
		{F9BA41EE-6DBD-44F1-AB64-10014EA67116}.Debug|Any CPU.ActiveCfg = Debug|Any CPU
		{F9BA41EE-6DBD-44F1-AB64-10014EA67116}.Debug|Any CPU.Build.0 = Debug|Any CPU
		{F9BA41EE-6DBD-44F1-AB64-10014EA67116}.Release|Any CPU.ActiveCfg = Release|Any CPU
		{F9BA41EE-6DBD-44F1-AB64-10014EA67116}.Release|Any CPU.Build.0 = Release|Any CPU
		{49EBE764-9BCC-4A74-B7C7-858680F25577}.Debug|Any CPU.ActiveCfg = Debug|Any CPU
		{49EBE764-9BCC-4A74-B7C7-858680F25577}.Debug|Any CPU.Build.0 = Debug|Any CPU
		{49EBE764-9BCC-4A74-B7C7-858680F25577}.Release|Any CPU.ActiveCfg = Release|Any CPU
		{49EBE764-9BCC-4A74-B7C7-858680F25577}.Release|Any CPU.Build.0 = Release|Any CPU
		{8491950C-1140-4600-9A55-6FFA134F773E}.Debug|Any CPU.ActiveCfg = Debug|Any CPU
		{8491950C-1140-4600-9A55-6FFA134F773E}.Debug|Any CPU.Build.0 = Debug|Any CPU
		{8491950C-1140-4600-9A55-6FFA134F773E}.Release|Any CPU.ActiveCfg = Release|Any CPU
		{8491950C-1140-4600-9A55-6FFA134F773E}.Release|Any CPU.Build.0 = Release|Any CPU
	EndGlobalSection
	GlobalSection(SolutionProperties) = preSolution
		HideSolutionNode = FALSE
	EndGlobalSection
	GlobalSection(NestedProjects) = preSolution
		{86CE493C-1C8B-450D-AAAC-ACA7244EE238} = {D569D42A-DF0F-4F28-9A30-821BDD4A6059}
		{0FCA8D5D-82DA-4C8C-ACE9-EA198C5B67F1} = {D569D42A-DF0F-4F28-9A30-821BDD4A6059}
		{1A660C58-13DC-4A5F-9509-48D71A5CBF9B} = {D569D42A-DF0F-4F28-9A30-821BDD4A6059}
		{5D69D68F-66B3-4DD3-885A-833BDAD9DD52} = {D569D42A-DF0F-4F28-9A30-821BDD4A6059}
		{940964CC-70BE-4887-8AF8-DA80C45ED267} = {D569D42A-DF0F-4F28-9A30-821BDD4A6059}
		{65D753BB-ED54-44CE-93D2-C00DB2A15214} = {5A974E07-AA60-432B-ACF8-E67F3E73CE36}
		{8DEF84BB-AC25-4762-92A1-5354C3B4FD9E} = {5A974E07-AA60-432B-ACF8-E67F3E73CE36}
		{0D5ACB0F-7253-45B8-B39F-653C9A110472} = {5A974E07-AA60-432B-ACF8-E67F3E73CE36}
		{D025800C-EFE6-422A-A5D6-41FCF238C2C2} = {5A974E07-AA60-432B-ACF8-E67F3E73CE36}
		{7A865CF1-CBC1-4D34-BF71-14B5EE656569} = {5A974E07-AA60-432B-ACF8-E67F3E73CE36}
		{E733DBBE-AEB7-4CD7-B19A-0582A1036FF6} = {5A974E07-AA60-432B-ACF8-E67F3E73CE36}
		{C2826DFE-2DFF-49B1-AD90-394CC0C6A6B1} = {5A974E07-AA60-432B-ACF8-E67F3E73CE36}
		{1DAB5C8A-F377-4334-899D-4FACFCCC8F24} = {EF5DCA22-95A1-4A68-89EA-22B76DD54B3A}
		{B17DF461-0348-44F4-8259-C30AC9422C94} = {EF5DCA22-95A1-4A68-89EA-22B76DD54B3A}
		{8A52E308-F71B-45B1-9FAB-75A6C8999CD8} = {EF5DCA22-95A1-4A68-89EA-22B76DD54B3A}
		{94D1AFF8-BA2A-4FD7-93FA-8E23AF3D9183} = {EF5DCA22-95A1-4A68-89EA-22B76DD54B3A}
		{C444A02F-0DA2-4C47-A671-0C016112FDEC} = {EF5DCA22-95A1-4A68-89EA-22B76DD54B3A}
		{92920B6F-0ADF-4050-B549-BE21BD3EADFF} = {EF5DCA22-95A1-4A68-89EA-22B76DD54B3A}
		{02193C75-5A44-49D5-8581-E3C556827948} = {EF5DCA22-95A1-4A68-89EA-22B76DD54B3A}
		{F9BA41EE-6DBD-44F1-AB64-10014EA67116} = {EF5DCA22-95A1-4A68-89EA-22B76DD54B3A}
		{49EBE764-9BCC-4A74-B7C7-858680F25577} = {EF5DCA22-95A1-4A68-89EA-22B76DD54B3A}
		{8491950C-1140-4600-9A55-6FFA134F773E} = {EF5DCA22-95A1-4A68-89EA-22B76DD54B3A}
	EndGlobalSection
	GlobalSection(ExtensibilityGlobals) = postSolution
		SolutionGuid = {855F0043-CB20-45AE-9188-BC6323F66CDE}
	EndGlobalSection
EndGlobal
